
Microsoft Visual Studio Solution File, Format Version 12.00
# Visual Studio Version 16
VisualStudioVersion = 16.0.29411.108
MinimumVisualStudioVersion = 10.0.40219.1
Project("{FAE04EC0-301F-11D3-BF4B-00C04F79EFBC}") = "LoginScreens.XF.Android", "LoginScreens.XF\LoginScreens.XF.Android\LoginScreens.XF.Android.csproj", "{7571B69E-7CED-4F7B-A3E2-C18D2C7EBFE0}"
EndProject
Project("{FAE04EC0-301F-11D3-BF4B-00C04F79EFBC}") = "LoginScreens.XF", "LoginScreens.XF\LoginScreens.XF\LoginScreens.XF.csproj", "{2F75B635-2F79-4E37-8E9D-129DDBCBB77F}"
EndProject
Global
	GlobalSection(SolutionConfigurationPlatforms) = preSolution
		Debug|Any CPU = Debug|Any CPU
		Release|Any CPU = Release|Any CPU
	EndGlobalSection
	GlobalSection(ProjectConfigurationPlatforms) = postSolution
		{7571B69E-7CED-4F7B-A3E2-C18D2C7EBFE0}.Debug|Any CPU.ActiveCfg = Debug|Any CPU
		{7571B69E-7CED-4F7B-A3E2-C18D2C7EBFE0}.Debug|Any CPU.Build.0 = Debug|Any CPU
		{7571B69E-7CED-4F7B-A3E2-C18D2C7EBFE0}.Debug|Any CPU.Deploy.0 = Debug|Any CPU
		{7571B69E-7CED-4F7B-A3E2-C18D2C7EBFE0}.Release|Any CPU.ActiveCfg = Release|Any CPU
		{7571B69E-7CED-4F7B-A3E2-C18D2C7EBFE0}.Release|Any CPU.Build.0 = Release|Any CPU
		{7571B69E-7CED-4F7B-A3E2-C18D2C7EBFE0}.Release|Any CPU.Deploy.0 = Release|Any CPU
		{2F75B635-2F79-4E37-8E9D-129DDBCBB77F}.Debug|Any CPU.ActiveCfg = Debug|Any CPU
		{2F75B635-2F79-4E37-8E9D-129DDBCBB77F}.Debug|Any CPU.Build.0 = Debug|Any CPU
		{2F75B635-2F79-4E37-8E9D-129DDBCBB77F}.Debug|Any CPU.Deploy.0 = Debug|Any CPU
		{2F75B635-2F79-4E37-8E9D-129DDBCBB77F}.Release|Any CPU.ActiveCfg = Release|Any CPU
		{2F75B635-2F79-4E37-8E9D-129DDBCBB77F}.Release|Any CPU.Build.0 = Release|Any CPU
		{2F75B635-2F79-4E37-8E9D-129DDBCBB77F}.Release|Any CPU.Deploy.0 = Release|Any CPU
	EndGlobalSection
	GlobalSection(SolutionProperties) = preSolution
		HideSolutionNode = FALSE
	EndGlobalSection
	GlobalSection(ExtensibilityGlobals) = postSolution
		SolutionGuid = {ABD597A0-5E63-4456-8617-72D63AF75E09}
	EndGlobalSection
EndGlobal
